
Microsoft Visual Studio Solution File, Format Version 12.00
# Visual Studio Version 16
VisualStudioVersion = 16.0.31005.135
MinimumVisualStudioVersion = 10.0.40219.1
Project("{FAE04EC0-301F-11D3-BF4B-00C04F79EFBC}") = "12gyak", "12gyak\12gyak.csproj", "{17D07543-9B81-468B-8E40-7A68D447B871}"
EndProject
Global
	GlobalSection(SolutionConfigurationPlatforms) = preSolution
		Debug|Any CPU = Debug|Any CPU
		Release|Any CPU = Release|Any CPU
	EndGlobalSection
	GlobalSection(ProjectConfigurationPlatforms) = postSolution
		{17D07543-9B81-468B-8E40-7A68D447B871}.Debug|Any CPU.ActiveCfg = Debug|Any CPU
		{17D07543-9B81-468B-8E40-7A68D447B871}.Debug|Any CPU.Build.0 = Debug|Any CPU
		{17D07543-9B81-468B-8E40-7A68D447B871}.Release|Any CPU.ActiveCfg = Release|Any CPU
		{17D07543-9B81-468B-8E40-7A68D447B871}.Release|Any CPU.Build.0 = Release|Any CPU
	EndGlobalSection
	GlobalSection(SolutionProperties) = preSolution
		HideSolutionNode = FALSE
	EndGlobalSection
	GlobalSection(ExtensibilityGlobals) = postSolution
		SolutionGuid = {ADA0B957-F56E-45EE-9A2A-5986F56E86E7}
	EndGlobalSection
EndGlobal
